
Microsoft Visual Studio Solution File, Format Version 12.00
# Visual Studio Version 17
VisualStudioVersion = 17.0.31903.59
MinimumVisualStudioVersion = 10.0.40219.1
Project("{2150E333-8FDC-42A3-9474-1A3956D46DE8}") = "src", "src", "{12A62CF9-A34F-4024-AB87-2560BCF93065}"
EndProject
Project("{FAE04EC0-301F-11D3-BF4B-00C04F79EFBC}") = "BancoDigital.Api", "src\BancoDigital.Api\BancoDigital.Api.csproj", "{1F1ABD4B-B8BD-4E03-AB0F-14A75361CE32}"
EndProject
Global
	GlobalSection(SolutionConfigurationPlatforms) = preSolution
		Debug|Any CPU = Debug|Any CPU
		Release|Any CPU = Release|Any CPU
	EndGlobalSection
	GlobalSection(SolutionProperties) = preSolution
		HideSolutionNode = FALSE
	EndGlobalSection
	GlobalSection(ProjectConfigurationPlatforms) = postSolution
		{1F1ABD4B-B8BD-4E03-AB0F-14A75361CE32}.Debug|Any CPU.ActiveCfg = Debug|Any CPU
		{1F1ABD4B-B8BD-4E03-AB0F-14A75361CE32}.Debug|Any CPU.Build.0 = Debug|Any CPU
		{1F1ABD4B-B8BD-4E03-AB0F-14A75361CE32}.Release|Any CPU.ActiveCfg = Release|Any CPU
		{1F1ABD4B-B8BD-4E03-AB0F-14A75361CE32}.Release|Any CPU.Build.0 = Release|Any CPU
	EndGlobalSection
	GlobalSection(NestedProjects) = preSolution
		{1F1ABD4B-B8BD-4E03-AB0F-14A75361CE32} = {12A62CF9-A34F-4024-AB87-2560BCF93065}
	EndGlobalSection
EndGlobal
